
Microsoft Visual Studio Solution File, Format Version 12.00
# Visual Studio Version 17
VisualStudioVersion = 17.2.32516.85
MinimumVisualStudioVersion = 10.0.40219.1
Project("{9A19103F-16F7-4668-BE54-9A1E7A4F7556}") = "WebServiceTest", "WebServiceTest\WebServiceTest.csproj", "{6864E9A7-49D2-458F-B9B0-B409498C6A59}"
EndProject
Project("{9A19103F-16F7-4668-BE54-9A1E7A4F7556}") = "WebServiceTest.Data", "WebServiceTest.Data\WebServiceTest.Data.csproj", "{5914554E-59C1-4170-9F4B-F31A37461975}"
EndProject
Project("{9A19103F-16F7-4668-BE54-9A1E7A4F7556}") = "WebServiceTest.Converters", "WebServiceTest.Converters\WebServiceTest.Converters.csproj", "{2D01668D-B5A1-4664-9C1D-A81713129EEF}"
EndProject
Project("{9A19103F-16F7-4668-BE54-9A1E7A4F7556}") = "TCPIP_ServerClient", "TCPIPSOCKET\TCPIP_ServerClient.csproj", "{F5F0527B-E8E8-4F7F-A38A-9CD89CB602EE}"
EndProject
Project("{FAE04EC0-301F-11D3-BF4B-00C04F79EFBC}") = "JwtTokenAuthentication", "JwtTokenAuthentication\JwtTokenAuthentication.csproj", "{CB9C9223-502D-44AF-9ECD-F2E7FD938136}"
EndProject
Global
	GlobalSection(SolutionConfigurationPlatforms) = preSolution
		Debug|Any CPU = Debug|Any CPU
		Release|Any CPU = Release|Any CPU
	EndGlobalSection
	GlobalSection(ProjectConfigurationPlatforms) = postSolution
		{6864E9A7-49D2-458F-B9B0-B409498C6A59}.Debug|Any CPU.ActiveCfg = Debug|Any CPU
		{6864E9A7-49D2-458F-B9B0-B409498C6A59}.Debug|Any CPU.Build.0 = Debug|Any CPU
		{6864E9A7-49D2-458F-B9B0-B409498C6A59}.Release|Any CPU.ActiveCfg = Release|Any CPU
		{6864E9A7-49D2-458F-B9B0-B409498C6A59}.Release|Any CPU.Build.0 = Release|Any CPU
		{5914554E-59C1-4170-9F4B-F31A37461975}.Debug|Any CPU.ActiveCfg = Debug|Any CPU
		{5914554E-59C1-4170-9F4B-F31A37461975}.Debug|Any CPU.Build.0 = Debug|Any CPU
		{5914554E-59C1-4170-9F4B-F31A37461975}.Release|Any CPU.ActiveCfg = Release|Any CPU
		{5914554E-59C1-4170-9F4B-F31A37461975}.Release|Any CPU.Build.0 = Release|Any CPU
		{2D01668D-B5A1-4664-9C1D-A81713129EEF}.Debug|Any CPU.ActiveCfg = Debug|Any CPU
		{2D01668D-B5A1-4664-9C1D-A81713129EEF}.Debug|Any CPU.Build.0 = Debug|Any CPU
		{2D01668D-B5A1-4664-9C1D-A81713129EEF}.Release|Any CPU.ActiveCfg = Release|Any CPU
		{2D01668D-B5A1-4664-9C1D-A81713129EEF}.Release|Any CPU.Build.0 = Release|Any CPU
		{F5F0527B-E8E8-4F7F-A38A-9CD89CB602EE}.Debug|Any CPU.ActiveCfg = Debug|Any CPU
		{F5F0527B-E8E8-4F7F-A38A-9CD89CB602EE}.Debug|Any CPU.Build.0 = Debug|Any CPU
		{F5F0527B-E8E8-4F7F-A38A-9CD89CB602EE}.Release|Any CPU.ActiveCfg = Release|Any CPU
		{F5F0527B-E8E8-4F7F-A38A-9CD89CB602EE}.Release|Any CPU.Build.0 = Release|Any CPU
		{CB9C9223-502D-44AF-9ECD-F2E7FD938136}.Debug|Any CPU.ActiveCfg = Debug|Any CPU
		{CB9C9223-502D-44AF-9ECD-F2E7FD938136}.Debug|Any CPU.Build.0 = Debug|Any CPU
		{CB9C9223-502D-44AF-9ECD-F2E7FD938136}.Release|Any CPU.ActiveCfg = Release|Any CPU
		{CB9C9223-502D-44AF-9ECD-F2E7FD938136}.Release|Any CPU.Build.0 = Release|Any CPU
	EndGlobalSection
	GlobalSection(SolutionProperties) = preSolution
		HideSolutionNode = FALSE
	EndGlobalSection
	GlobalSection(ExtensibilityGlobals) = postSolution
		SolutionGuid = {A4AD205E-233F-4937-9196-0BA756E825D4}
	EndGlobalSection
EndGlobal
